
Microsoft Visual Studio Solution File, Format Version 12.00
# Visual Studio Version 17
VisualStudioVersion = 17.14.36511.14 d17.14
MinimumVisualStudioVersion = 10.0.40219.1
Project("{FAE04EC0-301F-11D3-BF4B-00C04F79EFBC}") = "EmployeeManagementAPI", "EmployeeManagementAPI.csproj", "{A6BA0E6F-D228-4144-8BE7-DD833535937A}"
EndProject
Global
	GlobalSection(SolutionConfigurationPlatforms) = preSolution
		Debug|Any CPU = Debug|Any CPU
		Release|Any CPU = Release|Any CPU
	EndGlobalSection
	GlobalSection(ProjectConfigurationPlatforms) = postSolution
		{A6BA0E6F-D228-4144-8BE7-DD833535937A}.Debug|Any CPU.ActiveCfg = Debug|Any CPU
		{A6BA0E6F-D228-4144-8BE7-DD833535937A}.Debug|Any CPU.Build.0 = Debug|Any CPU
		{A6BA0E6F-D228-4144-8BE7-DD833535937A}.Release|Any CPU.ActiveCfg = Release|Any CPU
		{A6BA0E6F-D228-4144-8BE7-DD833535937A}.Release|Any CPU.Build.0 = Release|Any CPU
	EndGlobalSection
	GlobalSection(SolutionProperties) = preSolution
		HideSolutionNode = FALSE
	EndGlobalSection
	GlobalSection(ExtensibilityGlobals) = postSolution
		SolutionGuid = {B1CF31C3-9E50-4F73-8044-FBA8B2EC6A0C}
	EndGlobalSection
EndGlobal
